
Microsoft Visual Studio Solution File, Format Version 12.00
# Visual Studio Version 17
VisualStudioVersion = 17.5.002.0
MinimumVisualStudioVersion = 10.0.40219.1
Project("{9A19103F-16F7-4668-BE54-9A1E7A4F7556}") = "CoupGameBackend", "CoupGameBackend\CoupGameBackend.csproj", "{44B3F1BB-02B3-4401-AC2D-F91627B4C82C}"
EndProject
Global
	GlobalSection(SolutionConfigurationPlatforms) = preSolution
		Debug|Any CPU = Debug|Any CPU
		Release|Any CPU = Release|Any CPU
	EndGlobalSection
	GlobalSection(ProjectConfigurationPlatforms) = postSolution
		{44B3F1BB-02B3-4401-AC2D-F91627B4C82C}.Debug|Any CPU.ActiveCfg = Debug|Any CPU
		{44B3F1BB-02B3-4401-AC2D-F91627B4C82C}.Debug|Any CPU.Build.0 = Debug|Any CPU
		{44B3F1BB-02B3-4401-AC2D-F91627B4C82C}.Release|Any CPU.ActiveCfg = Release|Any CPU
		{44B3F1BB-02B3-4401-AC2D-F91627B4C82C}.Release|Any CPU.Build.0 = Release|Any CPU
	EndGlobalSection
	GlobalSection(SolutionProperties) = preSolution
		HideSolutionNode = FALSE
	EndGlobalSection
	GlobalSection(ExtensibilityGlobals) = postSolution
		SolutionGuid = {D5C39F11-E8DC-40BD-AFF3-89B5B4239E2B}
	EndGlobalSection
EndGlobal
